// !$*UTF8*$!
{
	archiveVersion = 1;
	classes = {
	};
	objectVersion = 46;
	objects = {

/* Begin PBXBuildFile section */
		42BB0F0A1CD1910A00D9BDAF /* main.cpp in Sources */ = {isa = PBXBuildFile; fileRef = 42BB0F091CD1910A00D9BDAF /* main.cpp */; };
/* End PBXBuildFile section */

/* Begin PBXCopyFilesBuildPhase section */
		42BB0F041CD1910A00D9BDAF /* CopyFiles */ = {
			isa = PBXCopyFilesBuildPhase;
			buildActionMask = 2147483647;
			dstPath = /usr/share/man/man1/;
			dstSubfolderSpec = 0;
			files = (
			);
			runOnlyForDeploymentPostprocessing = 1;
		};
/* End PBXCopyFilesBuildPhase section */

/* Begin PBXFileReference section */
		42BB0F061CD1910A00D9BDAF /* Stegosaur */ = {isa = PBXFileReference; explicitFileType = "compiled.mach-o.executable"; includeInIndex = 0; path = Stegosaur; sourceTree = BUILT_PRODUCTS_DIR; };
		42BB0F091CD1910A00D9BDAF /* main.cpp */ = {isa = PBXFileReference; lastKnownFileType = sourcecode.cpp.cpp; path = main.cpp; sourceTree = "<group>"; };
/* End PBXFileReference section */

/* Begin PBXFrameworksBuildPhase section */
		42BB0F031CD1910A00D9BDAF /* Frameworks */ = {
			isa = PBXFrameworksBuildPhase;
			buildActionMask = 2147483647;
			files = (
			);
			runOnlyForDeploymentPostprocessing = 0;
		};
/* End PBXFrameworksBuildPhase section */

/* Begin PBXGroup section */
		42BB0EFD1CD1910A00D9BDAF = {
			isa = PBXGroup;
			children = (
				42BB0F081CD1910A00D9BDAF /* Stegosaur */,
				42BB0F071CD1910A00D9BDAF /* Products */,
			);
			sourceTree = "<group>";
		};
		42BB0F071CD1910A00D9BDAF /* Products */ = {
			isa = PBXGroup;
			children = (
				42BB0F061CD1910A00D9BDAF /* Stegosaur */,
			);
			name = Products;
			sourceTree = "<group>";
		};
		42BB0F081CD1910A00D9BDAF /* Stegosaur */ = {
			isa = PBXGroup;
			children = (
				42BB0F091CD1910A00D9BDAF /* main.cpp */,
			);
			path = Stegosaur;
			sourceTree = "<group>";
		};
/* End PBXGroup section */

/* Begin PBXNativeTarget section */
		42BB0F051CD1910A00D9BDAF /* Stegosaur */ = {
			isa = PBXNativeTarget;
			buildConfigurationList = 42BB0F0D1CD1910A00D9BDAF /* Build configuration list for PBXNativeTarget "Stegosaur" */;
			buildPhases = (
				42BB0F021CD1910A00D9BDAF /* Sources */,
				42BB0F031CD1910A00D9BDAF /* Frameworks */,
				42BB0F041CD1910A00D9BDAF /* CopyFiles */,
			);
			buildRules = (
			);
			dependencies = (
			);
			name = Stegosaur;
			productName = Stegosaur;
			productReference = 42BB0F061CD1910A00D9BDAF /* Stegosaur */;
			productType = "com.apple.product-type.tool";
		};
/* End PBXNativeTarget section */

/* Begin PBXProject section */
		42BB0EFE1CD1910A00D9BDAF /* Project object */ = {
			isa = PBXProject;
			attributes = {
				LastUpgradeCheck = 0620;
				ORGANIZATIONNAME = "Duff Development";
				TargetAttributes = {
					42BB0F051CD1910A00D9BDAF = {
						CreatedOnToolsVersion = 6.2;
					};
				};
			};
			buildConfigurationList = 42BB0F011CD1910A00D9BDAF /* Build configuration list for PBXProject "Stegosaur" */;
			compatibilityVersion = "Xcode 3.2";
			developmentRegion = English;
			hasScannedForEncodings = 0;
			knownRegions = (
				en,
			);
			mainGroup = 42BB0EFD1CD1910A00D9BDAF;
			productRefGroup = 42BB0F071CD1910A00D9BDAF /* Products */;
			projectDirPath = "";
			projectRoot = "";
			targets = (
				42BB0F051CD1910A00D9BDAF /* Stegosaur */,
			);
		};
/* End PBXProject section */

/* Begin PBXSourcesBuildPhase section */
		42BB0F021CD1910A00D9BDAF /* Sources */ = {
			isa = PBXSourcesBuildPhase;
			buildActionMask = 2147483647;
			files = (
				42BB0F0A1CD1910A00D9BDAF /* main.cpp in Sources */,
			);
			runOnlyForDeploymentPostprocessing = 0;
		};
/* End PBXSourcesBuildPhase section */

/* Begin XCBuildConfiguration section */
		42BB0F0B1CD1910A00D9BDAF /* Debug */ = {
			isa = XCBuildConfiguration;
			buildSettings = {
				ALWAYS_SEARCH_USER_PATHS = NO;
				CLANG_CXX_LANGUAGE_STANDARD = "gnu++0x";
				CLANG_CXX_LIBRARY = "libc++";
				CLANG_ENABLE_MODULES = YES;
				CLANG_ENABLE_OBJC_ARC = YES;
				CLANG_WARN_BOOL_CONVERSION = YES;
				CLANG_WARN_CONSTANT_CONVERSION = YES;
				CLANG_WARN_DIRECT_OBJC_ISA_USAGE = YES_ERROR;
				CLANG_WARN_EMPTY_BODY = YES;
				CLANG_WARN_ENUM_CONVERSION = YES;
				CLANG_WARN_INT_CONVERSION = YES;
				CLANG_WARN_OBJC_ROOT_CLASS = YES_ERROR;
				CLANG_WARN_UNREACHABLE_CODE = YES;
				CLANG_WARN__DUPLICATE_METHOD_MATCH = YES;
				COPY_PHASE_STRIP = NO;
				ENABLE_STRICT_OBJC_MSGSEND = YES;
				GCC_C_LANGUAGE_STANDARD = gnu99;
				GCC_DYNAMIC_NO_PIC = NO;
				GCC_OPTIMIZATION_LEVEL = 0;
				GCC_PREPROCESSOR_DEFINITIONS = (
					"DEBUG=1",
					"$(inherited)",
				);
				GCC_SYMBOLS_PRIVATE_EXTERN = NO;
				GCC_WARN_64_TO_32_BIT_CONVERSION = YES;
				GCC_WARN_ABOUT_RETURN_TYPE = YES_ERROR;
				GCC_WARN_UNDECLARED_SELECTOR = YES;
				GCC_WARN_UNINITIALIZED_AUTOS = YES_AGGRESSIVE;
				GCC_WARN_UNUSED_FUNCTION = YES;
				GCC_WARN_UNUSED_VARIABLE = YES;
				MACOSX_DEPLOYMENT_TARGET = 10.9;
				MTL_ENABLE_DEBUG_INFO = YES;
				ONLY_ACTIVE_ARCH = YES;
				SDKROOT = macosx;
			};
			name = Debug;
		};
		42BB0F0C1CD1910A00D9BDAF /* Release */ = {
			isa = XCBuildConfiguration;
			buildSettings = {
				ALWAYS_SEARCH_USER_PATHS = NO;
				CLANG_CXX_LANGUAGE_STANDARD = "gnu++0x";
				CLANG_CXX_LIBRARY = "libc++";
				CLANG_ENABLE_MODULES = YES;
				CLANG_ENABLE_OBJC_ARC = YES;
				CLANG_WARN_BOOL_CONVERSION = YES;
				CLANG_WARN_CONSTANT_CONVERSION = YES;
				CLANG_WARN_DIRECT_OBJC_ISA_USAGE = YES_ERROR;
				CLANG_WARN_EMPTY_BODY = YES;
				CLANG_WARN_ENUM_CONVERSION = YES;
				CLANG_WARN_INT_CONVERSION = YES;
				CLANG_WARN_OBJC_ROOT_CLASS = YES_ERROR;
				CLANG_WARN_UNREACHABLE_CODE = YES;
				CLANG_WARN__DUPLICATE_METHOD_MATCH = YES;
				COPY_PHASE_STRIP = NO;
				DEBUG_INFORMATION_FORMAT = "dwarf-with-dsym";
				ENABLE_NS_ASSERTIONS = NO;
				ENABLE_STRICT_OBJC_MSGSEND = YES;
				GCC_C_LANGUAGE_STANDARD = gnu99;
				GCC_WARN_64_TO_32_BIT_CONVERSION = YES;
				GCC_WARN_ABOUT_RETURN_TYPE = YES_ERROR;
				GCC_WARN_UNDECLARED_SELECTOR = YES;
				GCC_WARN_UNINITIALIZED_AUTOS = YES_AGGRESSIVE;
				GCC_WARN_UNUSED_FUNCTION = YES;
				GCC_WARN_UNUSED_VARIABLE = YES;
				MACOSX_DEPLOYMENT_TARGET = 10.9;
				MTL_ENABLE_DEBUG_INFO = NO;
				SDKROOT = macosx;
			};
			name = Release;
		};
		42BB0F0E1CD1910A00D9BDAF /* Debug */ = {
			isa = XCBuildConfiguration;
			buildSettings = {
				PRODUCT_NAME = "$(TARGET_NAME)";
			};
			name = Debug;
		};
		42BB0F0F1CD1910A00D9BDAF /* Release */ = {
			isa = XCBuildConfiguration;
			buildSettings = {
				PRODUCT_NAME = "$(TARGET_NAME)";
			};
			name = Release;
		};
/* End XCBuildConfiguration section */

/* Begin XCConfigurationList section */
		42BB0F011CD1910A00D9BDAF /* Build configuration list for PBXProject "Stegosaur" */ = {
			isa = XCConfigurationList;
			buildConfigurations = (
				42BB0F0B1CD1910A00D9BDAF /* Debug */,
				42BB0F0C1CD1910A00D9BDAF /* Release */,
			);
			defaultConfigurationIsVisible = 0;
			defaultConfigurationName = Release;
		};
		42BB0F0D1CD1910A00D9BDAF /* Build configuration list for PBXNativeTarget "Stegosaur" */ = {
			isa = XCConfigurationList;
			buildConfigurations = (
				42BB0F0E1CD1910A00D9BDAF /* Debug */,
				42BB0F0F1CD1910A00D9BDAF /* Release */,
			);
			defaultConfigurationIsVisible = 0;
		};
/* End XCConfigurationList section */
	};
	rootObject = 42BB0EFE1CD1910A00D9BDAF /* Project object */;
}
